// !$*UTF8*$!
{
	archiveVersion = 1;
	classes = {
	};
	objectVersion = 56;
	objects = {

/* Begin PBXBuildFile section */
		9D94615E2B7300CE00B08054 /* Icebreaker_Pellicano_S24App.swift in Sources */ = {isa = PBXBuildFile; fileRef = 9D94615D2B7300CE00B08054 /* Icebreaker_Pellicano_S24App.swift */; };
		9D9461602B7300CE00B08054 /* ContentView.swift in Sources */ = {isa = PBXBuildFile; fileRef = 9D94615F2B7300CE00B08054 /* ContentView.swift */; };
		9D9461622B7300CF00B08054 /* Assets.xcassets in Resources */ = {isa = PBXBuildFile; fileRef = 9D9461612B7300CF00B08054 /* Assets.xcassets */; };
		9D9461652B7300CF00B08054 /* Preview Assets.xcassets in Resources */ = {isa = PBXBuildFile; fileRef = 9D9461642B7300CF00B08054 /* Preview Assets.xcassets */; };
		9D94616C2B730F4500B08054 /* Question.swift in Sources */ = {isa = PBXBuildFile; fileRef = 9D94616B2B730F4500B08054 /* Question.swift */; };
		9D94616E2B73138400B08054 /* GoogleService-Info.plist in Resources */ = {isa = PBXBuildFile; fileRef = 9D94616D2B73138400B08054 /* GoogleService-Info.plist */; };
		9D9461712B73157E00B08054 /* FirebaseAnalytics in Frameworks */ = {isa = PBXBuildFile; productRef = 9D9461702B73157E00B08054 /* FirebaseAnalytics */; };
		9D9461732B73157E00B08054 /* FirebaseAnalyticsOnDeviceConversion in Frameworks */ = {isa = PBXBuildFile; productRef = 9D9461722B73157E00B08054 /* FirebaseAnalyticsOnDeviceConversion */; };
		9D9461752B73157E00B08054 /* FirebaseAnalyticsSwift in Frameworks */ = {isa = PBXBuildFile; productRef = 9D9461742B73157E00B08054 /* FirebaseAnalyticsSwift */; };
		9D9461772B73157E00B08054 /* FirebaseAnalyticsWithoutAdIdSupport in Frameworks */ = {isa = PBXBuildFile; productRef = 9D9461762B73157E00B08054 /* FirebaseAnalyticsWithoutAdIdSupport */; };
		9D9461792B73157E00B08054 /* FirebaseAppCheck in Frameworks */ = {isa = PBXBuildFile; productRef = 9D9461782B73157E00B08054 /* FirebaseAppCheck */; };
		9D94617B2B73157E00B08054 /* FirebaseAppDistribution-Beta in Frameworks */ = {isa = PBXBuildFile; productRef = 9D94617A2B73157E00B08054 /* FirebaseAppDistribution-Beta */; };
		9D94617D2B73157E00B08054 /* FirebaseAuth in Frameworks */ = {isa = PBXBuildFile; productRef = 9D94617C2B73157E00B08054 /* FirebaseAuth */; };
		9D94617F2B73157E00B08054 /* FirebaseAuthCombine-Community in Frameworks */ = {isa = PBXBuildFile; productRef = 9D94617E2B73157E00B08054 /* FirebaseAuthCombine-Community */; };
		9D9461812B73157E00B08054 /* FirebaseCrashlytics in Frameworks */ = {isa = PBXBuildFile; productRef = 9D9461802B73157E00B08054 /* FirebaseCrashlytics */; };
		9D9461832B73157E00B08054 /* FirebaseDatabase in Frameworks */ = {isa = PBXBuildFile; productRef = 9D9461822B73157E00B08054 /* FirebaseDatabase */; };
		9D9461852B73157E00B08054 /* FirebaseDatabaseSwift in Frameworks */ = {isa = PBXBuildFile; productRef = 9D9461842B73157E00B08054 /* FirebaseDatabaseSwift */; };
		9D9461872B73157E00B08054 /* FirebaseDynamicLinks in Frameworks */ = {isa = PBXBuildFile; productRef = 9D9461862B73157E00B08054 /* FirebaseDynamicLinks */; };
		9D9461892B73157E00B08054 /* FirebaseFirestore in Frameworks */ = {isa = PBXBuildFile; productRef = 9D9461882B73157E00B08054 /* FirebaseFirestore */; };
		9D94618B2B73157E00B08054 /* FirebaseFirestoreCombine-Community in Frameworks */ = {isa = PBXBuildFile; productRef = 9D94618A2B73157E00B08054 /* FirebaseFirestoreCombine-Community */; };
		9D94618D2B73157E00B08054 /* FirebaseFirestoreSwift in Frameworks */ = {isa = PBXBuildFile; productRef = 9D94618C2B73157E00B08054 /* FirebaseFirestoreSwift */; };
		9D94618F2B73157E00B08054 /* FirebaseFunctions in Frameworks */ = {isa = PBXBuildFile; productRef = 9D94618E2B73157E00B08054 /* FirebaseFunctions */; };
		9D9461912B73157E00B08054 /* FirebaseFunctionsCombine-Community in Frameworks */ = {isa = PBXBuildFile; productRef = 9D9461902B73157E00B08054 /* FirebaseFunctionsCombine-Community */; };
		9D9461932B73157E00B08054 /* FirebaseInAppMessaging-Beta in Frameworks */ = {isa = PBXBuildFile; productRef = 9D9461922B73157E00B08054 /* FirebaseInAppMessaging-Beta */; };
		9D9461952B73157E00B08054 /* FirebaseInAppMessagingSwift-Beta in Frameworks */ = {isa = PBXBuildFile; productRef = 9D9461942B73157E00B08054 /* FirebaseInAppMessagingSwift-Beta */; };
		9D9461972B73157E00B08054 /* FirebaseInstallations in Frameworks */ = {isa = PBXBuildFile; productRef = 9D9461962B73157E00B08054 /* FirebaseInstallations */; };
		9D9461992B73157E00B08054 /* FirebaseMLModelDownloader in Frameworks */ = {isa = PBXBuildFile; productRef = 9D9461982B73157E00B08054 /* FirebaseMLModelDownloader */; };
		9D94619B2B73157E00B08054 /* FirebaseMessaging in Frameworks */ = {isa = PBXBuildFile; productRef = 9D94619A2B73157E00B08054 /* FirebaseMessaging */; };
		9D94619D2B73157E00B08054 /* FirebasePerformance in Frameworks */ = {isa = PBXBuildFile; productRef = 9D94619C2B73157E00B08054 /* FirebasePerformance */; };
		9D94619F2B73157E00B08054 /* FirebaseRemoteConfig in Frameworks */ = {isa = PBXBuildFile; productRef = 9D94619E2B73157E00B08054 /* FirebaseRemoteConfig */; };
		9D9461A12B73157E00B08054 /* FirebaseRemoteConfigSwift in Frameworks */ = {isa = PBXBuildFile; productRef = 9D9461A02B73157E00B08054 /* FirebaseRemoteConfigSwift */; };
		9D9461A32B73157E00B08054 /* FirebaseStorage in Frameworks */ = {isa = PBXBuildFile; productRef = 9D9461A22B73157E00B08054 /* FirebaseStorage */; };
		9D9461A52B73157E00B08054 /* FirebaseStorageCombine-Community in Frameworks */ = {isa = PBXBuildFile; productRef = 9D9461A42B73157E00B08054 /* FirebaseStorageCombine-Community */; };
/* End PBXBuildFile section */

/* Begin PBXFileReference section */
		9D94615A2B7300CE00B08054 /* Icebreaker-Pellicano-S24.app */ = {isa = PBXFileReference; explicitFileType = wrapper.application; includeInIndex = 0; path = "Icebreaker-Pellicano-S24.app"; sourceTree = BUILT_PRODUCTS_DIR; };
		9D94615D2B7300CE00B08054 /* Icebreaker_Pellicano_S24App.swift */ = {isa = PBXFileReference; lastKnownFileType = sourcecode.swift; path = Icebreaker_Pellicano_S24App.swift; sourceTree = "<group>"; };
		9D94615F2B7300CE00B08054 /* ContentView.swift */ = {isa = PBXFileReference; lastKnownFileType = sourcecode.swift; path = ContentView.swift; sourceTree = "<group>"; };
		9D9461612B7300CF00B08054 /* Assets.xcassets */ = {isa = PBXFileReference; lastKnownFileType = folder.assetcatalog; path = Assets.xcassets; sourceTree = "<group>"; };
		9D9461642B7300CF00B08054 /* Preview Assets.xcassets */ = {isa = PBXFileReference; lastKnownFileType = folder.assetcatalog; path = "Preview Assets.xcassets"; sourceTree = "<group>"; };
		9D94616B2B730F4500B08054 /* Question.swift */ = {isa = PBXFileReference; lastKnownFileType = sourcecode.swift; path = Question.swift; sourceTree = "<group>"; };
		9D94616D2B73138400B08054 /* GoogleService-Info.plist */ = {isa = PBXFileReference; fileEncoding = 4; lastKnownFileType = text.plist.xml; path = "GoogleService-Info.plist"; sourceTree = "<group>"; };
/* End PBXFileReference section */

/* Begin PBXFrameworksBuildPhase section */
		9D9461572B7300CE00B08054 /* Frameworks */ = {
			isa = PBXFrameworksBuildPhase;
			buildActionMask = 2147483647;
			files = (
				9D9461832B73157E00B08054 /* FirebaseDatabase in Frameworks */,
				9D9461912B73157E00B08054 /* FirebaseFunctionsCombine-Community in Frameworks */,
				9D9461892B73157E00B08054 /* FirebaseFirestore in Frameworks */,
				9D9461752B73157E00B08054 /* FirebaseAnalyticsSwift in Frameworks */,
				9D9461712B73157E00B08054 /* FirebaseAnalytics in Frameworks */,
				9D9461732B73157E00B08054 /* FirebaseAnalyticsOnDeviceConversion in Frameworks */,
				9D9461992B73157E00B08054 /* FirebaseMLModelDownloader in Frameworks */,
				9D94618D2B73157E00B08054 /* FirebaseFirestoreSwift in Frameworks */,
				9D9461792B73157E00B08054 /* FirebaseAppCheck in Frameworks */,
				9D9461772B73157E00B08054 /* FirebaseAnalyticsWithoutAdIdSupport in Frameworks */,
				9D94617D2B73157E00B08054 /* FirebaseAuth in Frameworks */,
				9D9461812B73157E00B08054 /* FirebaseCrashlytics in Frameworks */,
				9D9461A12B73157E00B08054 /* FirebaseRemoteConfigSwift in Frameworks */,
				9D9461932B73157E00B08054 /* FirebaseInAppMessaging-Beta in Frameworks */,
				9D9461852B73157E00B08054 /* FirebaseDatabaseSwift in Frameworks */,
				9D94618F2B73157E00B08054 /* FirebaseFunctions in Frameworks */,
				9D9461A52B73157E00B08054 /* FirebaseStorageCombine-Community in Frameworks */,
				9D94619F2B73157E00B08054 /* FirebaseRemoteConfig in Frameworks */,
				9D94617B2B73157E00B08054 /* FirebaseAppDistribution-Beta in Frameworks */,
				9D94617F2B73157E00B08054 /* FirebaseAuthCombine-Community in Frameworks */,
				9D94619D2B73157E00B08054 /* FirebasePerformance in Frameworks */,
				9D9461952B73157E00B08054 /* FirebaseInAppMessagingSwift-Beta in Frameworks */,
				9D9461A32B73157E00B08054 /* FirebaseStorage in Frameworks */,
				9D9461872B73157E00B08054 /* FirebaseDynamicLinks in Frameworks */,
				9D94618B2B73157E00B08054 /* FirebaseFirestoreCombine-Community in Frameworks */,
				9D94619B2B73157E00B08054 /* FirebaseMessaging in Frameworks */,
				9D9461972B73157E00B08054 /* FirebaseInstallations in Frameworks */,
			);
			runOnlyForDeploymentPostprocessing = 0;
		};
/* End PBXFrameworksBuildPhase section */

/* Begin PBXGroup section */
		9D9461512B7300CE00B08054 = {
			isa = PBXGroup;
			children = (
				9D94616D2B73138400B08054 /* GoogleService-Info.plist */,
				9D94615C2B7300CE00B08054 /* Icebreaker-Pellicano-S24 */,
				9D94615B2B7300CE00B08054 /* Products */,
			);
			sourceTree = "<group>";
		};
		9D94615B2B7300CE00B08054 /* Products */ = {
			isa = PBXGroup;
			children = (
				9D94615A2B7300CE00B08054 /* Icebreaker-Pellicano-S24.app */,
			);
			name = Products;
			sourceTree = "<group>";
		};
		9D94615C2B7300CE00B08054 /* Icebreaker-Pellicano-S24 */ = {
			isa = PBXGroup;
			children = (
				9D94615D2B7300CE00B08054 /* Icebreaker_Pellicano_S24App.swift */,
				9D94615F2B7300CE00B08054 /* ContentView.swift */,
				9D9461612B7300CF00B08054 /* Assets.xcassets */,
				9D9461632B7300CF00B08054 /* Preview Content */,
				9D94616B2B730F4500B08054 /* Question.swift */,
			);
			path = "Icebreaker-Pellicano-S24";
			sourceTree = "<group>";
		};
		9D9461632B7300CF00B08054 /* Preview Content */ = {
			isa = PBXGroup;
			children = (
				9D9461642B7300CF00B08054 /* Preview Assets.xcassets */,
			);
			path = "Preview Content";
			sourceTree = "<group>";
		};
/* End PBXGroup section */

/* Begin PBXNativeTarget section */
		9D9461592B7300CE00B08054 /* Icebreaker-Pellicano-S24 */ = {
			isa = PBXNativeTarget;
			buildConfigurationList = 9D9461682B7300CF00B08054 /* Build configuration list for PBXNativeTarget "Icebreaker-Pellicano-S24" */;
			buildPhases = (
				9D9461562B7300CE00B08054 /* Sources */,
				9D9461572B7300CE00B08054 /* Frameworks */,
				9D9461582B7300CE00B08054 /* Resources */,
			);
			buildRules = (
			);
			dependencies = (
			);
			name = "Icebreaker-Pellicano-S24";
			packageProductDependencies = (
				9D9461702B73157E00B08054 /* FirebaseAnalytics */,
				9D9461722B73157E00B08054 /* FirebaseAnalyticsOnDeviceConversion */,
				9D9461742B73157E00B08054 /* FirebaseAnalyticsSwift */,
				9D9461762B73157E00B08054 /* FirebaseAnalyticsWithoutAdIdSupport */,
				9D9461782B73157E00B08054 /* FirebaseAppCheck */,
				9D94617A2B73157E00B08054 /* FirebaseAppDistribution-Beta */,
				9D94617C2B73157E00B08054 /* FirebaseAuth */,
				9D94617E2B73157E00B08054 /* FirebaseAuthCombine-Community */,
				9D9461802B73157E00B08054 /* FirebaseCrashlytics */,
				9D9461822B73157E00B08054 /* FirebaseDatabase */,
				9D9461842B73157E00B08054 /* FirebaseDatabaseSwift */,
				9D9461862B73157E00B08054 /* FirebaseDynamicLinks */,
				9D9461882B73157E00B08054 /* FirebaseFirestore */,
				9D94618A2B73157E00B08054 /* FirebaseFirestoreCombine-Community */,
				9D94618C2B73157E00B08054 /* FirebaseFirestoreSwift */,
				9D94618E2B73157E00B08054 /* FirebaseFunctions */,
				9D9461902B73157E00B08054 /* FirebaseFunctionsCombine-Community */,
				9D9461922B73157E00B08054 /* FirebaseInAppMessaging-Beta */,
				9D9461942B73157E00B08054 /* FirebaseInAppMessagingSwift-Beta */,
				9D9461962B73157E00B08054 /* FirebaseInstallations */,
				9D9461982B73157E00B08054 /* FirebaseMLModelDownloader */,
				9D94619A2B73157E00B08054 /* FirebaseMessaging */,
				9D94619C2B73157E00B08054 /* FirebasePerformance */,
				9D94619E2B73157E00B08054 /* FirebaseRemoteConfig */,
				9D9461A02B73157E00B08054 /* FirebaseRemoteConfigSwift */,
				9D9461A22B73157E00B08054 /* FirebaseStorage */,
				9D9461A42B73157E00B08054 /* FirebaseStorageCombine-Community */,
			);
			productName = "Icebreaker-Pellicano-S24";
			productReference = 9D94615A2B7300CE00B08054 /* Icebreaker-Pellicano-S24.app */;
			productType = "com.apple.product-type.application";
		};
/* End PBXNativeTarget section */

/* Begin PBXProject section */
		9D9461522B7300CE00B08054 /* Project object */ = {
			isa = PBXProject;
			attributes = {
				BuildIndependentTargetsInParallel = 1;
				LastSwiftUpdateCheck = 1520;
				LastUpgradeCheck = 1520;
				TargetAttributes = {
					9D9461592B7300CE00B08054 = {
						CreatedOnToolsVersion = 15.2;
					};
				};
			};
			buildConfigurationList = 9D9461552B7300CE00B08054 /* Build configuration list for PBXProject "Icebreaker-Pellicano-S24" */;
			compatibilityVersion = "Xcode 14.0";
			developmentRegion = en;
			hasScannedForEncodings = 0;
			knownRegions = (
				en,
				Base,
			);
			mainGroup = 9D9461512B7300CE00B08054;
			packageReferences = (
				9D94616F2B73157E00B08054 /* XCRemoteSwiftPackageReference "firebase-ios-sdk" */,
			);
			productRefGroup = 9D94615B2B7300CE00B08054 /* Products */;
			projectDirPath = "";
			projectRoot = "";
			targets = (
				9D9461592B7300CE00B08054 /* Icebreaker-Pellicano-S24 */,
			);
		};
/* End PBXProject section */

/* Begin PBXResourcesBuildPhase section */
		9D9461582B7300CE00B08054 /* Resources */ = {
			isa = PBXResourcesBuildPhase;
			buildActionMask = 2147483647;
			files = (
				9D9461652B7300CF00B08054 /* Preview Assets.xcassets in Resources */,
				9D9461622B7300CF00B08054 /* Assets.xcassets in Resources */,
				9D94616E2B73138400B08054 /* GoogleService-Info.plist in Resources */,
			);
			runOnlyForDeploymentPostprocessing = 0;
		};
/* End PBXResourcesBuildPhase section */

/* Begin PBXSourcesBuildPhase section */
		9D9461562B7300CE00B08054 /* Sources */ = {
			isa = PBXSourcesBuildPhase;
			buildActionMask = 2147483647;
			files = (
				9D94616C2B730F4500B08054 /* Question.swift in Sources */,
				9D9461602B7300CE00B08054 /* ContentView.swift in Sources */,
				9D94615E2B7300CE00B08054 /* Icebreaker_Pellicano_S24App.swift in Sources */,
			);
			runOnlyForDeploymentPostprocessing = 0;
		};
/* End PBXSourcesBuildPhase section */

/* Begin XCBuildConfiguration section */
		9D9461662B7300CF00B08054 /* Debug */ = {
			isa = XCBuildConfiguration;
			buildSettings = {
				ALWAYS_SEARCH_USER_PATHS = NO;
				ASSETCATALOG_COMPILER_GENERATE_SWIFT_ASSET_SYMBOL_EXTENSIONS = YES;
				CLANG_ANALYZER_NONNULL = YES;
				CLANG_ANALYZER_NUMBER_OBJECT_CONVERSION = YES_AGGRESSIVE;
				CLANG_CXX_LANGUAGE_STANDARD = "gnu++20";
				CLANG_ENABLE_MODULES = YES;
				CLANG_ENABLE_OBJC_ARC = YES;
				CLANG_ENABLE_OBJC_WEAK = YES;
				CLANG_WARN_BLOCK_CAPTURE_AUTORELEASING = YES;
				CLANG_WARN_BOOL_CONVERSION = YES;
				CLANG_WARN_COMMA = YES;
				CLANG_WARN_CONSTANT_CONVERSION = YES;
				CLANG_WARN_DEPRECATED_OBJC_IMPLEMENTATIONS = YES;
				CLANG_WARN_DIRECT_OBJC_ISA_USAGE = YES_ERROR;
				CLANG_WARN_DOCUMENTATION_COMMENTS = YES;
				CLANG_WARN_EMPTY_BODY = YES;
				CLANG_WARN_ENUM_CONVERSION = YES;
				CLANG_WARN_INFINITE_RECURSION = YES;
				CLANG_WARN_INT_CONVERSION = YES;
				CLANG_WARN_NON_LITERAL_NULL_CONVERSION = YES;
				CLANG_WARN_OBJC_IMPLICIT_RETAIN_SELF = YES;
				CLANG_WARN_OBJC_LITERAL_CONVERSION = YES;
				CLANG_WARN_OBJC_ROOT_CLASS = YES_ERROR;
				CLANG_WARN_QUOTED_INCLUDE_IN_FRAMEWORK_HEADER = YES;
				CLANG_WARN_RANGE_LOOP_ANALYSIS = YES;
				CLANG_WARN_STRICT_PROTOTYPES = YES;
				CLANG_WARN_SUSPICIOUS_MOVE = YES;
				CLANG_WARN_UNGUARDED_AVAILABILITY = YES_AGGRESSIVE;
				CLANG_WARN_UNREACHABLE_CODE = YES;
				CLANG_WARN__DUPLICATE_METHOD_MATCH = YES;
				COPY_PHASE_STRIP = NO;
				DEBUG_INFORMATION_FORMAT = dwarf;
				ENABLE_STRICT_OBJC_MSGSEND = YES;
				ENABLE_TESTABILITY = YES;
				ENABLE_USER_SCRIPT_SANDBOXING = YES;
				GCC_C_LANGUAGE_STANDARD = gnu17;
				GCC_DYNAMIC_NO_PIC = NO;
				GCC_NO_COMMON_BLOCKS = YES;
				GCC_OPTIMIZATION_LEVEL = 0;
				GCC_PREPROCESSOR_DEFINITIONS = (
					"DEBUG=1",
					"$(inherited)",
				);
				GCC_WARN_64_TO_32_BIT_CONVERSION = YES;
				GCC_WARN_ABOUT_RETURN_TYPE = YES_ERROR;
				GCC_WARN_UNDECLARED_SELECTOR = YES;
				GCC_WARN_UNINITIALIZED_AUTOS = YES_AGGRESSIVE;
				GCC_WARN_UNUSED_FUNCTION = YES;
				GCC_WARN_UNUSED_VARIABLE = YES;
				IPHONEOS_DEPLOYMENT_TARGET = 17.2;
				LOCALIZATION_PREFERS_STRING_CATALOGS = YES;
				MTL_ENABLE_DEBUG_INFO = INCLUDE_SOURCE;
				MTL_FAST_MATH = YES;
				ONLY_ACTIVE_ARCH = YES;
				SDKROOT = iphoneos;
				SWIFT_ACTIVE_COMPILATION_CONDITIONS = "DEBUG $(inherited)";
				SWIFT_OPTIMIZATION_LEVEL = "-Onone";
			};
			name = Debug;
		};
		9D9461672B7300CF00B08054 /* Release */ = {
			isa = XCBuildConfiguration;
			buildSettings = {
				ALWAYS_SEARCH_USER_PATHS = NO;
				ASSETCATALOG_COMPILER_GENERATE_SWIFT_ASSET_SYMBOL_EXTENSIONS = YES;
				CLANG_ANALYZER_NONNULL = YES;
				CLANG_ANALYZER_NUMBER_OBJECT_CONVERSION = YES_AGGRESSIVE;
				CLANG_CXX_LANGUAGE_STANDARD = "gnu++20";
				CLANG_ENABLE_MODULES = YES;
				CLANG_ENABLE_OBJC_ARC = YES;
				CLANG_ENABLE_OBJC_WEAK = YES;
				CLANG_WARN_BLOCK_CAPTURE_AUTORELEASING = YES;
				CLANG_WARN_BOOL_CONVERSION = YES;
				CLANG_WARN_COMMA = YES;
				CLANG_WARN_CONSTANT_CONVERSION = YES;
				CLANG_WARN_DEPRECATED_OBJC_IMPLEMENTATIONS = YES;
				CLANG_WARN_DIRECT_OBJC_ISA_USAGE = YES_ERROR;
				CLANG_WARN_DOCUMENTATION_COMMENTS = YES;
				CLANG_WARN_EMPTY_BODY = YES;
				CLANG_WARN_ENUM_CONVERSION = YES;
				CLANG_WARN_INFINITE_RECURSION = YES;
				CLANG_WARN_INT_CONVERSION = YES;
				CLANG_WARN_NON_LITERAL_NULL_CONVERSION = YES;
				CLANG_WARN_OBJC_IMPLICIT_RETAIN_SELF = YES;
				CLANG_WARN_OBJC_LITERAL_CONVERSION = YES;
				CLANG_WARN_OBJC_ROOT_CLASS = YES_ERROR;
				CLANG_WARN_QUOTED_INCLUDE_IN_FRAMEWORK_HEADER = YES;
				CLANG_WARN_RANGE_LOOP_ANALYSIS = YES;
				CLANG_WARN_STRICT_PROTOTYPES = YES;
				CLANG_WARN_SUSPICIOUS_MOVE = YES;
				CLANG_WARN_UNGUARDED_AVAILABILITY = YES_AGGRESSIVE;
				CLANG_WARN_UNREACHABLE_CODE = YES;
				CLANG_WARN__DUPLICATE_METHOD_MATCH = YES;
				COPY_PHASE_STRIP = NO;
				DEBUG_INFORMATION_FORMAT = "dwarf-with-dsym";
				ENABLE_NS_ASSERTIONS = NO;
				ENABLE_STRICT_OBJC_MSGSEND = YES;
				ENABLE_USER_SCRIPT_SANDBOXING = YES;
				GCC_C_LANGUAGE_STANDARD = gnu17;
				GCC_NO_COMMON_BLOCKS = YES;
				GCC_WARN_64_TO_32_BIT_CONVERSION = YES;
				GCC_WARN_ABOUT_RETURN_TYPE = YES_ERROR;
				GCC_WARN_UNDECLARED_SELECTOR = YES;
				GCC_WARN_UNINITIALIZED_AUTOS = YES_AGGRESSIVE;
				GCC_WARN_UNUSED_FUNCTION = YES;
				GCC_WARN_UNUSED_VARIABLE = YES;
				IPHONEOS_DEPLOYMENT_TARGET = 17.2;
				LOCALIZATION_PREFERS_STRING_CATALOGS = YES;
				MTL_ENABLE_DEBUG_INFO = NO;
				MTL_FAST_MATH = YES;
				SDKROOT = iphoneos;
				SWIFT_COMPILATION_MODE = wholemodule;
				VALIDATE_PRODUCT = YES;
			};
			name = Release;
		};
		9D9461692B7300CF00B08054 /* Debug */ = {
			isa = XCBuildConfiguration;
			buildSettings = {
				ASSETCATALOG_COMPILER_APPICON_NAME = AppIcon;
				ASSETCATALOG_COMPILER_GLOBAL_ACCENT_COLOR_NAME = AccentColor;
				CODE_SIGN_STYLE = Automatic;
				CURRENT_PROJECT_VERSION = 1;
				DEVELOPMENT_ASSET_PATHS = "\"Icebreaker-Pellicano-S24/Preview Content\"";
				DEVELOPMENT_TEAM = 7AQ9CW8Z8D;
				ENABLE_PREVIEWS = YES;
				GENERATE_INFOPLIST_FILE = YES;
				INFOPLIST_KEY_UIApplicationSceneManifest_Generation = YES;
				INFOPLIST_KEY_UIApplicationSupportsIndirectInputEvents = YES;
				INFOPLIST_KEY_UILaunchScreen_Generation = YES;
				INFOPLIST_KEY_UISupportedInterfaceOrientations_iPad = "UIInterfaceOrientationPortrait UIInterfaceOrientationPortraitUpsideDown UIInterfaceOrientationLandscapeLeft UIInterfaceOrientationLandscapeRight";
				INFOPLIST_KEY_UISupportedInterfaceOrientations_iPhone = "UIInterfaceOrientationPortrait UIInterfaceOrientationLandscapeLeft UIInterfaceOrientationLandscapeRight";
				LD_RUNPATH_SEARCH_PATHS = (
					"$(inherited)",
					"@executable_path/Frameworks",
				);
				MARKETING_VERSION = 1.0;
				PRODUCT_BUNDLE_IDENTIFIER = "fpellicano.Icebreaker-Pellicano-S24";
				PRODUCT_NAME = "$(TARGET_NAME)";
				SWIFT_EMIT_LOC_STRINGS = YES;
				SWIFT_VERSION = 5.0;
				TARGETED_DEVICE_FAMILY = "1,2";
			};
			name = Debug;
		};
		9D94616A2B7300CF00B08054 /* Release */ = {
			isa = XCBuildConfiguration;
			buildSettings = {
				ASSETCATALOG_COMPILER_APPICON_NAME = AppIcon;
				ASSETCATALOG_COMPILER_GLOBAL_ACCENT_COLOR_NAME = AccentColor;
				CODE_SIGN_STYLE = Automatic;
				CURRENT_PROJECT_VERSION = 1;
				DEVELOPMENT_ASSET_PATHS = "\"Icebreaker-Pellicano-S24/Preview Content\"";
				DEVELOPMENT_TEAM = 7AQ9CW8Z8D;
				ENABLE_PREVIEWS = YES;
				GENERATE_INFOPLIST_FILE = YES;
				INFOPLIST_KEY_UIApplicationSceneManifest_Generation = YES;
				INFOPLIST_KEY_UIApplicationSupportsIndirectInputEvents = YES;
				INFOPLIST_KEY_UILaunchScreen_Generation = YES;
				INFOPLIST_KEY_UISupportedInterfaceOrientations_iPad = "UIInterfaceOrientationPortrait UIInterfaceOrientationPortraitUpsideDown UIInterfaceOrientationLandscapeLeft UIInterfaceOrientationLandscapeRight";
				INFOPLIST_KEY_UISupportedInterfaceOrientations_iPhone = "UIInterfaceOrientationPortrait UIInterfaceOrientationLandscapeLeft UIInterfaceOrientationLandscapeRight";
				LD_RUNPATH_SEARCH_PATHS = (
					"$(inherited)",
					"@executable_path/Frameworks",
				);
				MARKETING_VERSION = 1.0;
				PRODUCT_BUNDLE_IDENTIFIER = "fpellicano.Icebreaker-Pellicano-S24";
				PRODUCT_NAME = "$(TARGET_NAME)";
				SWIFT_EMIT_LOC_STRINGS = YES;
				SWIFT_VERSION = 5.0;
				TARGETED_DEVICE_FAMILY = "1,2";
			};
			name = Release;
		};
/* End XCBuildConfiguration section */

/* Begin XCConfigurationList section */
		9D9461552B7300CE00B08054 /* Build configuration list for PBXProject "Icebreaker-Pellicano-S24" */ = {
			isa = XCConfigurationList;
			buildConfigurations = (
				9D9461662B7300CF00B08054 /* Debug */,
				9D9461672B7300CF00B08054 /* Release */,
			);
			defaultConfigurationIsVisible = 0;
			defaultConfigurationName = Release;
		};
		9D9461682B7300CF00B08054 /* Build configuration list for PBXNativeTarget "Icebreaker-Pellicano-S24" */ = {
			isa = XCConfigurationList;
			buildConfigurations = (
				9D9461692B7300CF00B08054 /* Debug */,
				9D94616A2B7300CF00B08054 /* Release */,
			);
			defaultConfigurationIsVisible = 0;
			defaultConfigurationName = Release;
		};
/* End XCConfigurationList section */

/* Begin XCRemoteSwiftPackageReference section */
		9D94616F2B73157E00B08054 /* XCRemoteSwiftPackageReference "firebase-ios-sdk" */ = {
			isa = XCRemoteSwiftPackageReference;
			repositoryURL = "https://github.com/firebase/firebase-ios-sdk.git";
			requirement = {
				kind = upToNextMajorVersion;
				minimumVersion = 10.21.0;
			};
		};
/* End XCRemoteSwiftPackageReference section */

/* Begin XCSwiftPackageProductDependency section */
		9D9461702B73157E00B08054 /* FirebaseAnalytics */ = {
			isa = XCSwiftPackageProductDependency;
			package = 9D94616F2B73157E00B08054 /* XCRemoteSwiftPackageReference "firebase-ios-sdk" */;
			productName = FirebaseAnalytics;
		};
		9D9461722B73157E00B08054 /* FirebaseAnalyticsOnDeviceConversion */ = {
			isa = XCSwiftPackageProductDependency;
			package = 9D94616F2B73157E00B08054 /* XCRemoteSwiftPackageReference "firebase-ios-sdk" */;
			productName = FirebaseAnalyticsOnDeviceConversion;
		};
		9D9461742B73157E00B08054 /* FirebaseAnalyticsSwift */ = {
			isa = XCSwiftPackageProductDependency;
			package = 9D94616F2B73157E00B08054 /* XCRemoteSwiftPackageReference "firebase-ios-sdk" */;
			productName = FirebaseAnalyticsSwift;
		};
		9D9461762B73157E00B08054 /* FirebaseAnalyticsWithoutAdIdSupport */ = {
			isa = XCSwiftPackageProductDependency;
			package = 9D94616F2B73157E00B08054 /* XCRemoteSwiftPackageReference "firebase-ios-sdk" */;
			productName = FirebaseAnalyticsWithoutAdIdSupport;
		};
		9D9461782B73157E00B08054 /* FirebaseAppCheck */ = {
			isa = XCSwiftPackageProductDependency;
			package = 9D94616F2B73157E00B08054 /* XCRemoteSwiftPackageReference "firebase-ios-sdk" */;
			productName = FirebaseAppCheck;
		};
		9D94617A2B73157E00B08054 /* FirebaseAppDistribution-Beta */ = {
			isa = XCSwiftPackageProductDependency;
			package = 9D94616F2B73157E00B08054 /* XCRemoteSwiftPackageReference "firebase-ios-sdk" */;
			productName = "FirebaseAppDistribution-Beta";
		};
		9D94617C2B73157E00B08054 /* FirebaseAuth */ = {
			isa = XCSwiftPackageProductDependency;
			package = 9D94616F2B73157E00B08054 /* XCRemoteSwiftPackageReference "firebase-ios-sdk" */;
			productName = FirebaseAuth;
		};
		9D94617E2B73157E00B08054 /* FirebaseAuthCombine-Community */ = {
			isa = XCSwiftPackageProductDependency;
			package = 9D94616F2B73157E00B08054 /* XCRemoteSwiftPackageReference "firebase-ios-sdk" */;
			productName = "FirebaseAuthCombine-Community";
		};
		9D9461802B73157E00B08054 /* FirebaseCrashlytics */ = {
			isa = XCSwiftPackageProductDependency;
			package = 9D94616F2B73157E00B08054 /* XCRemoteSwiftPackageReference "firebase-ios-sdk" */;
			productName = FirebaseCrashlytics;
		};
		9D9461822B73157E00B08054 /* FirebaseDatabase */ = {
			isa = XCSwiftPackageProductDependency;
			package = 9D94616F2B73157E00B08054 /* XCRemoteSwiftPackageReference "firebase-ios-sdk" */;
			productName = FirebaseDatabase;
		};
		9D9461842B73157E00B08054 /* FirebaseDatabaseSwift */ = {
			isa = XCSwiftPackageProductDependency;
			package = 9D94616F2B73157E00B08054 /* XCRemoteSwiftPackageReference "firebase-ios-sdk" */;
			productName = FirebaseDatabaseSwift;
		};
		9D9461862B73157E00B08054 /* FirebaseDynamicLinks */ = {
			isa = XCSwiftPackageProductDependency;
			package = 9D94616F2B73157E00B08054 /* XCRemoteSwiftPackageReference "firebase-ios-sdk" */;
			productName = FirebaseDynamicLinks;
		};
		9D9461882B73157E00B08054 /* FirebaseFirestore */ = {
			isa = XCSwiftPackageProductDependency;
			package = 9D94616F2B73157E00B08054 /* XCRemoteSwiftPackageReference "firebase-ios-sdk" */;
			productName = FirebaseFirestore;
		};
		9D94618A2B73157E00B08054 /* FirebaseFirestoreCombine-Community */ = {
			isa = XCSwiftPackageProductDependency;
			package = 9D94616F2B73157E00B08054 /* XCRemoteSwiftPackageReference "firebase-ios-sdk" */;
			productName = "FirebaseFirestoreCombine-Community";
		};
		9D94618C2B73157E00B08054 /* FirebaseFirestoreSwift */ = {
			isa = XCSwiftPackageProductDependency;
			package = 9D94616F2B73157E00B08054 /* XCRemoteSwiftPackageReference "firebase-ios-sdk" */;
			productName = FirebaseFirestoreSwift;
		};
		9D94618E2B73157E00B08054 /* FirebaseFunctions */ = {
			isa = XCSwiftPackageProductDependency;
			package = 9D94616F2B73157E00B08054 /* XCRemoteSwiftPackageReference "firebase-ios-sdk" */;
			productName = FirebaseFunctions;
		};
		9D9461902B73157E00B08054 /* FirebaseFunctionsCombine-Community */ = {
			isa = XCSwiftPackageProductDependency;
			package = 9D94616F2B73157E00B08054 /* XCRemoteSwiftPackageReference "firebase-ios-sdk" */;
			productName = "FirebaseFunctionsCombine-Community";
		};
		9D9461922B73157E00B08054 /* FirebaseInAppMessaging-Beta */ = {
			isa = XCSwiftPackageProductDependency;
			package = 9D94616F2B73157E00B08054 /* XCRemoteSwiftPackageReference "firebase-ios-sdk" */;
			productName = "FirebaseInAppMessaging-Beta";
		};
		9D9461942B73157E00B08054 /* FirebaseInAppMessagingSwift-Beta */ = {
			isa = XCSwiftPackageProductDependency;
			package = 9D94616F2B73157E00B08054 /* XCRemoteSwiftPackageReference "firebase-ios-sdk" */;
			productName = "FirebaseInAppMessagingSwift-Beta";
		};
		9D9461962B73157E00B08054 /* FirebaseInstallations */ = {
			isa = XCSwiftPackageProductDependency;
			package = 9D94616F2B73157E00B08054 /* XCRemoteSwiftPackageReference "firebase-ios-sdk" */;
			productName = FirebaseInstallations;
		};
		9D9461982B73157E00B08054 /* FirebaseMLModelDownloader */ = {
			isa = XCSwiftPackageProductDependency;
			package = 9D94616F2B73157E00B08054 /* XCRemoteSwiftPackageReference "firebase-ios-sdk" */;
			productName = FirebaseMLModelDownloader;
		};
		9D94619A2B73157E00B08054 /* FirebaseMessaging */ = {
			isa = XCSwiftPackageProductDependency;
			package = 9D94616F2B73157E00B08054 /* XCRemoteSwiftPackageReference "firebase-ios-sdk" */;
			productName = FirebaseMessaging;
		};
		9D94619C2B73157E00B08054 /* FirebasePerformance */ = {
			isa = XCSwiftPackageProductDependency;
			package = 9D94616F2B73157E00B08054 /* XCRemoteSwiftPackageReference "firebase-ios-sdk" */;
			productName = FirebasePerformance;
		};
		9D94619E2B73157E00B08054 /* FirebaseRemoteConfig */ = {
			isa = XCSwiftPackageProductDependency;
			package = 9D94616F2B73157E00B08054 /* XCRemoteSwiftPackageReference "firebase-ios-sdk" */;
			productName = FirebaseRemoteConfig;
		};
		9D9461A02B73157E00B08054 /* FirebaseRemoteConfigSwift */ = {
			isa = XCSwiftPackageProductDependency;
			package = 9D94616F2B73157E00B08054 /* XCRemoteSwiftPackageReference "firebase-ios-sdk" */;
			productName = FirebaseRemoteConfigSwift;
		};
		9D9461A22B73157E00B08054 /* FirebaseStorage */ = {
			isa = XCSwiftPackageProductDependency;
			package = 9D94616F2B73157E00B08054 /* XCRemoteSwiftPackageReference "firebase-ios-sdk" */;
			productName = FirebaseStorage;
		};
		9D9461A42B73157E00B08054 /* FirebaseStorageCombine-Community */ = {
			isa = XCSwiftPackageProductDependency;
			package = 9D94616F2B73157E00B08054 /* XCRemoteSwiftPackageReference "firebase-ios-sdk" */;
			productName = "FirebaseStorageCombine-Community";
		};
/* End XCSwiftPackageProductDependency section */
	};
	rootObject = 9D9461522B7300CE00B08054 /* Project object */;
}
